<Solution>
  <Folder Name="/BuildingBlocks/">
    <Project Path="BuildingBlocks/BuildingBlocks/BuildingBlocks.csproj" Id="2a7dc1eb-6b05-4c32-ad31-eec87af1e3ec" />
  </Folder>
  <Folder Name="/Services/" />
  <Folder Name="/Services/Catalog/">
    <Project Path="Services/Catalog/Catalog.API/Catalog.API.csproj" Id="9027eb30-1a12-435d-9c22-84e7fc555d6d" />
  </Folder>
  <Folder Name="/Solution Items/">
    <File Path=".editorconfig" />
  </Folder>
</Solution>
